<?xml version="1.0" encoding="utf-8"?>
<Project ToolsVersion="4.0" xmlns="http://schemas.microsoft.com/developer/msbuild/2003">
  <ItemGroup>
    <Filter Include="Исходные файлы">
      <UniqueIdentifier>{4FC737F1-C7A5-4376-A066-2A32D752A2FF}</UniqueIdentifier>
      <Extensions>cpp;c;cc;cxx;def;odl;idl;hpj;bat;asm;asmx</Extensions>
    </Filter>
    <Filter Include="Файлы заголовков">
      <UniqueIdentifier>{93995380-89BD-4b04-88EB-625FBE52EBFB}</UniqueIdentifier>
      <Extensions>h;hh;hpp;hxx;hm;inl;inc;ipp;xsd</Extensions>
    </Filter>
    <Filter Include="Файлы ресурсов">
      <UniqueIdentifier>{67DA6AB6-F800-4c08-8B7A-83BB121AAD01}</UniqueIdentifier>
      <Extensions>rc;ico;cur;bmp;dlg;rc2;rct;bin;rgs;gif;jpg;jpeg;jpe;resx;tiff;tif;png;wav;mfcribbon-ms</Extensions>
    </Filter>
    <Filter Include="lw2_tests">
      <UniqueIdentifier>{a1649f25-8f65-45e2-9cfe-d04192b361bc}</UniqueIdentifier>
    </Filter>
  </ItemGroup>
  <ItemGroup>
    <ClInclude Include="pch.h">
      <Filter>Файлы заголовков</Filter>
    </ClInclude>
  </ItemGroup>
  <ItemGroup>
    <ClCompile Include="pch.cpp">
      <Filter>Исходные файлы</Filter>
    </ClCompile>
    <ClCompile Include="lw2_19.cpp">
      <Filter>Исходные файлы</Filter>
    </ClCompile>
  </ItemGroup>
  <ItemGroup>
    <None Include="test.bat">
      <Filter>Исходные файлы</Filter>
    </None>
  </ItemGroup>
  <ItemGroup>
    <Text Include="lw2_tests\output5.txt">
      <Filter>lw2_tests</Filter>
    </Text>
    <Text Include="lw2_tests\output6.txt">
      <Filter>lw2_tests</Filter>
    </Text>
    <Text Include="lw2_tests\input1.txt">
      <Filter>lw2_tests</Filter>
    </Text>
    <Text Include="lw2_tests\input2.txt">
      <Filter>lw2_tests</Filter>
    </Text>
    <Text Include="lw2_tests\input3.txt">
      <Filter>lw2_tests</Filter>
    </Text>
    <Text Include="lw2_tests\input4.txt">
      <Filter>lw2_tests</Filter>
    </Text>
    <Text Include="lw2_tests\input5.txt">
      <Filter>lw2_tests</Filter>
    </Text>
    <Text Include="lw2_tests\input6.txt">
      <Filter>lw2_tests</Filter>
    </Text>
    <Text Include="lw2_tests\output1.txt">
      <Filter>lw2_tests</Filter>
    </Text>
    <Text Include="lw2_tests\output2.txt">
      <Filter>lw2_tests</Filter>
    </Text>
    <Text Include="lw2_tests\output3.txt">
      <Filter>lw2_tests</Filter>
    </Text>
    <Text Include="lw2_tests\output4.txt">
      <Filter>lw2_tests</Filter>
    </Text>
  </ItemGroup>
</Project>